
Microsoft Visual Studio Solution File, Format Version 12.00
# Visual Studio Version 17
VisualStudioVersion = 17.9.34723.18
MinimumVisualStudioVersion = 10.0.40219.1
Project("{FAE04EC0-301F-11D3-BF4B-00C04F79EFBC}") = "ReferenceWebApi", "ReferenceWebApi\ReferenceWebApi.csproj", "{A08D9B3B-A376-48CC-B031-B513EFEED07A}"
EndProject
Global
	GlobalSection(SolutionConfigurationPlatforms) = preSolution
		Debug|Any CPU = Debug|Any CPU
		Release|Any CPU = Release|Any CPU
	EndGlobalSection
	GlobalSection(ProjectConfigurationPlatforms) = postSolution
		{A08D9B3B-A376-48CC-B031-B513EFEED07A}.Debug|Any CPU.ActiveCfg = Debug|Any CPU
		{A08D9B3B-A376-48CC-B031-B513EFEED07A}.Debug|Any CPU.Build.0 = Debug|Any CPU
		{A08D9B3B-A376-48CC-B031-B513EFEED07A}.Release|Any CPU.ActiveCfg = Release|Any CPU
		{A08D9B3B-A376-48CC-B031-B513EFEED07A}.Release|Any CPU.Build.0 = Release|Any CPU
	EndGlobalSection
	GlobalSection(SolutionProperties) = preSolution
		HideSolutionNode = FALSE
	EndGlobalSection
	GlobalSection(ExtensibilityGlobals) = postSolution
		SolutionGuid = {9E48AF45-44DA-4295-B20F-A444BA4385B3}
	EndGlobalSection
EndGlobal
